// !$*UTF8*$!
{
	archiveVersion = 1;
	classes = {
	};
	objectVersion = 50;
	objects = {

/* Begin PBXBuildFile section */
		18519FC82761DBB9001A12D7 /* DefaultsService.swift in Sources */ = {isa = PBXBuildFile; fileRef = 18519FC72761DBB9001A12D7 /* DefaultsService.swift */; };
		18519FD32761E44B001A12D7 /* ContentViewModel.swift in Sources */ = {isa = PBXBuildFile; fileRef = 18519FD22761E44B001A12D7 /* ContentViewModel.swift */; };
		18519FDB2763A986001A12D7 /* TicketsModel.swift in Sources */ = {isa = PBXBuildFile; fileRef = 18519FDA2763A986001A12D7 /* TicketsModel.swift */; };
		18519FE02763ACB0001A12D7 /* TicketType.swift in Sources */ = {isa = PBXBuildFile; fileRef = 18519FDF2763ACB0001A12D7 /* TicketType.swift */; };
		18519FE82763BCC4001A12D7 /* LaunchScreen.storyboard in Resources */ = {isa = PBXBuildFile; fileRef = 18519FE72763BCC4001A12D7 /* LaunchScreen.storyboard */; };
		189FF7712761DA3A0007A810 /* BusCounterApp.swift in Sources */ = {isa = PBXBuildFile; fileRef = 189FF7702761DA3A0007A810 /* BusCounterApp.swift */; };
		189FF7732761DA3A0007A810 /* ContentView.swift in Sources */ = {isa = PBXBuildFile; fileRef = 189FF7722761DA3A0007A810 /* ContentView.swift */; };
		189FF7752761DA3B0007A810 /* Assets.xcassets in Resources */ = {isa = PBXBuildFile; fileRef = 189FF7742761DA3B0007A810 /* Assets.xcassets */; };
		189FF7782761DA3B0007A810 /* Preview Assets.xcassets in Resources */ = {isa = PBXBuildFile; fileRef = 189FF7772761DA3B0007A810 /* Preview Assets.xcassets */; };
		189FF77A2761DA3B0007A810 /* Persistence.swift in Sources */ = {isa = PBXBuildFile; fileRef = 189FF7792761DA3B0007A810 /* Persistence.swift */; };
		189FF77D2761DA3B0007A810 /* BusCounter.xcdatamodeld in Sources */ = {isa = PBXBuildFile; fileRef = 189FF77B2761DA3B0007A810 /* BusCounter.xcdatamodeld */; };
		189FF7882761DA3B0007A810 /* BusCounterTests.swift in Sources */ = {isa = PBXBuildFile; fileRef = 189FF7872761DA3B0007A810 /* BusCounterTests.swift */; };
		189FF7932761DA3B0007A810 /* BusCounterUITests.swift in Sources */ = {isa = PBXBuildFile; fileRef = 189FF7922761DA3B0007A810 /* BusCounterUITests.swift */; };
/* End PBXBuildFile section */

/* Begin PBXContainerItemProxy section */
		189FF7842761DA3B0007A810 /* PBXContainerItemProxy */ = {
			isa = PBXContainerItemProxy;
			containerPortal = 189FF7652761DA3A0007A810 /* Project object */;
			proxyType = 1;
			remoteGlobalIDString = 189FF76C2761DA3A0007A810;
			remoteInfo = BusCounter;
		};
		189FF78F2761DA3B0007A810 /* PBXContainerItemProxy */ = {
			isa = PBXContainerItemProxy;
			containerPortal = 189FF7652761DA3A0007A810 /* Project object */;
			proxyType = 1;
			remoteGlobalIDString = 189FF76C2761DA3A0007A810;
			remoteInfo = BusCounter;
		};
/* End PBXContainerItemProxy section */

/* Begin PBXFileReference section */
		18519FC72761DBB9001A12D7 /* DefaultsService.swift */ = {isa = PBXFileReference; lastKnownFileType = sourcecode.swift; path = DefaultsService.swift; sourceTree = "<group>"; };
		18519FD22761E44B001A12D7 /* ContentViewModel.swift */ = {isa = PBXFileReference; lastKnownFileType = sourcecode.swift; path = ContentViewModel.swift; sourceTree = "<group>"; };
		18519FDA2763A986001A12D7 /* TicketsModel.swift */ = {isa = PBXFileReference; lastKnownFileType = sourcecode.swift; path = TicketsModel.swift; sourceTree = "<group>"; };
		18519FDF2763ACB0001A12D7 /* TicketType.swift */ = {isa = PBXFileReference; lastKnownFileType = sourcecode.swift; path = TicketType.swift; sourceTree = "<group>"; };
		18519FE72763BCC4001A12D7 /* LaunchScreen.storyboard */ = {isa = PBXFileReference; lastKnownFileType = file.storyboard; path = LaunchScreen.storyboard; sourceTree = "<group>"; };
		189FF76D2761DA3A0007A810 /* BusCounter.app */ = {isa = PBXFileReference; explicitFileType = wrapper.application; includeInIndex = 0; path = BusCounter.app; sourceTree = BUILT_PRODUCTS_DIR; };
		189FF7702761DA3A0007A810 /* BusCounterApp.swift */ = {isa = PBXFileReference; lastKnownFileType = sourcecode.swift; path = BusCounterApp.swift; sourceTree = "<group>"; };
		189FF7722761DA3A0007A810 /* ContentView.swift */ = {isa = PBXFileReference; lastKnownFileType = sourcecode.swift; path = ContentView.swift; sourceTree = "<group>"; };
		189FF7742761DA3B0007A810 /* Assets.xcassets */ = {isa = PBXFileReference; lastKnownFileType = folder.assetcatalog; path = Assets.xcassets; sourceTree = "<group>"; };
		189FF7772761DA3B0007A810 /* Preview Assets.xcassets */ = {isa = PBXFileReference; lastKnownFileType = folder.assetcatalog; path = "Preview Assets.xcassets"; sourceTree = "<group>"; };
		189FF7792761DA3B0007A810 /* Persistence.swift */ = {isa = PBXFileReference; lastKnownFileType = sourcecode.swift; path = Persistence.swift; sourceTree = "<group>"; };
		189FF77C2761DA3B0007A810 /* BusCounter.xcdatamodel */ = {isa = PBXFileReference; lastKnownFileType = wrapper.xcdatamodel; path = BusCounter.xcdatamodel; sourceTree = "<group>"; };
		189FF77E2761DA3B0007A810 /* Info.plist */ = {isa = PBXFileReference; lastKnownFileType = text.plist.xml; path = Info.plist; sourceTree = "<group>"; };
		189FF7832761DA3B0007A810 /* BusCounterTests.xctest */ = {isa = PBXFileReference; explicitFileType = wrapper.cfbundle; includeInIndex = 0; path = BusCounterTests.xctest; sourceTree = BUILT_PRODUCTS_DIR; };
		189FF7872761DA3B0007A810 /* BusCounterTests.swift */ = {isa = PBXFileReference; lastKnownFileType = sourcecode.swift; path = BusCounterTests.swift; sourceTree = "<group>"; };
		189FF7892761DA3B0007A810 /* Info.plist */ = {isa = PBXFileReference; lastKnownFileType = text.plist.xml; path = Info.plist; sourceTree = "<group>"; };
		189FF78E2761DA3B0007A810 /* BusCounterUITests.xctest */ = {isa = PBXFileReference; explicitFileType = wrapper.cfbundle; includeInIndex = 0; path = BusCounterUITests.xctest; sourceTree = BUILT_PRODUCTS_DIR; };
		189FF7922761DA3B0007A810 /* BusCounterUITests.swift */ = {isa = PBXFileReference; lastKnownFileType = sourcecode.swift; path = BusCounterUITests.swift; sourceTree = "<group>"; };
		189FF7942761DA3B0007A810 /* Info.plist */ = {isa = PBXFileReference; lastKnownFileType = text.plist.xml; path = Info.plist; sourceTree = "<group>"; };
/* End PBXFileReference section */

/* Begin PBXFrameworksBuildPhase section */
		189FF76A2761DA3A0007A810 /* Frameworks */ = {
			isa = PBXFrameworksBuildPhase;
			buildActionMask = 2147483647;
			files = (
			);
			runOnlyForDeploymentPostprocessing = 0;
		};
		189FF7802761DA3B0007A810 /* Frameworks */ = {
			isa = PBXFrameworksBuildPhase;
			buildActionMask = 2147483647;
			files = (
			);
			runOnlyForDeploymentPostprocessing = 0;
		};
		189FF78B2761DA3B0007A810 /* Frameworks */ = {
			isa = PBXFrameworksBuildPhase;
			buildActionMask = 2147483647;
			files = (
			);
			runOnlyForDeploymentPostprocessing = 0;
		};
/* End PBXFrameworksBuildPhase section */

/* Begin PBXGroup section */
		189FF7642761DA3A0007A810 = {
			isa = PBXGroup;
			children = (
				189FF76F2761DA3A0007A810 /* BusCounter */,
				189FF7862761DA3B0007A810 /* BusCounterTests */,
				189FF7912761DA3B0007A810 /* BusCounterUITests */,
				189FF76E2761DA3A0007A810 /* Products */,
			);
			sourceTree = "<group>";
		};
		189FF76E2761DA3A0007A810 /* Products */ = {
			isa = PBXGroup;
			children = (
				189FF76D2761DA3A0007A810 /* BusCounter.app */,
				189FF7832761DA3B0007A810 /* BusCounterTests.xctest */,
				189FF78E2761DA3B0007A810 /* BusCounterUITests.xctest */,
			);
			name = Products;
			sourceTree = "<group>";
		};
		189FF76F2761DA3A0007A810 /* BusCounter */ = {
			isa = PBXGroup;
			children = (
				189FF7702761DA3A0007A810 /* BusCounterApp.swift */,
				18519FDF2763ACB0001A12D7 /* TicketType.swift */,
				189FF7722761DA3A0007A810 /* ContentView.swift */,
				18519FD22761E44B001A12D7 /* ContentViewModel.swift */,
				18519FC72761DBB9001A12D7 /* DefaultsService.swift */,
				18519FDA2763A986001A12D7 /* TicketsModel.swift */,
				189FF7742761DA3B0007A810 /* Assets.xcassets */,
				189FF7792761DA3B0007A810 /* Persistence.swift */,
				189FF77E2761DA3B0007A810 /* Info.plist */,
				189FF77B2761DA3B0007A810 /* BusCounter.xcdatamodeld */,
				189FF7762761DA3B0007A810 /* Preview Content */,
				18519FE72763BCC4001A12D7 /* LaunchScreen.storyboard */,
			);
			path = BusCounter;
			sourceTree = "<group>";
		};
		189FF7762761DA3B0007A810 /* Preview Content */ = {
			isa = PBXGroup;
			children = (
				189FF7772761DA3B0007A810 /* Preview Assets.xcassets */,
			);
			path = "Preview Content";
			sourceTree = "<group>";
		};
		189FF7862761DA3B0007A810 /* BusCounterTests */ = {
			isa = PBXGroup;
			children = (
				189FF7872761DA3B0007A810 /* BusCounterTests.swift */,
				189FF7892761DA3B0007A810 /* Info.plist */,
			);
			path = BusCounterTests;
			sourceTree = "<group>";
		};
		189FF7912761DA3B0007A810 /* BusCounterUITests */ = {
			isa = PBXGroup;
			children = (
				189FF7922761DA3B0007A810 /* BusCounterUITests.swift */,
				189FF7942761DA3B0007A810 /* Info.plist */,
			);
			path = BusCounterUITests;
			sourceTree = "<group>";
		};
/* End PBXGroup section */

/* Begin PBXNativeTarget section */
		189FF76C2761DA3A0007A810 /* BusCounter */ = {
			isa = PBXNativeTarget;
			buildConfigurationList = 189FF7972761DA3B0007A810 /* Build configuration list for PBXNativeTarget "BusCounter" */;
			buildPhases = (
				189FF7692761DA3A0007A810 /* Sources */,
				189FF76A2761DA3A0007A810 /* Frameworks */,
				189FF76B2761DA3A0007A810 /* Resources */,
			);
			buildRules = (
			);
			dependencies = (
			);
			name = BusCounter;
			productName = BusCounter;
			productReference = 189FF76D2761DA3A0007A810 /* BusCounter.app */;
			productType = "com.apple.product-type.application";
		};
		189FF7822761DA3B0007A810 /* BusCounterTests */ = {
			isa = PBXNativeTarget;
			buildConfigurationList = 189FF79A2761DA3B0007A810 /* Build configuration list for PBXNativeTarget "BusCounterTests" */;
			buildPhases = (
				189FF77F2761DA3B0007A810 /* Sources */,
				189FF7802761DA3B0007A810 /* Frameworks */,
				189FF7812761DA3B0007A810 /* Resources */,
			);
			buildRules = (
			);
			dependencies = (
				189FF7852761DA3B0007A810 /* PBXTargetDependency */,
			);
			name = BusCounterTests;
			productName = BusCounterTests;
			productReference = 189FF7832761DA3B0007A810 /* BusCounterTests.xctest */;
			productType = "com.apple.product-type.bundle.unit-test";
		};
		189FF78D2761DA3B0007A810 /* BusCounterUITests */ = {
			isa = PBXNativeTarget;
			buildConfigurationList = 189FF79D2761DA3B0007A810 /* Build configuration list for PBXNativeTarget "BusCounterUITests" */;
			buildPhases = (
				189FF78A2761DA3B0007A810 /* Sources */,
				189FF78B2761DA3B0007A810 /* Frameworks */,
				189FF78C2761DA3B0007A810 /* Resources */,
			);
			buildRules = (
			);
			dependencies = (
				189FF7902761DA3B0007A810 /* PBXTargetDependency */,
			);
			name = BusCounterUITests;
			productName = BusCounterUITests;
			productReference = 189FF78E2761DA3B0007A810 /* BusCounterUITests.xctest */;
			productType = "com.apple.product-type.bundle.ui-testing";
		};
/* End PBXNativeTarget section */

/* Begin PBXProject section */
		189FF7652761DA3A0007A810 /* Project object */ = {
			isa = PBXProject;
			attributes = {
				LastSwiftUpdateCheck = 1220;
				LastUpgradeCheck = 1220;
				TargetAttributes = {
					189FF76C2761DA3A0007A810 = {
						CreatedOnToolsVersion = 12.2;
					};
					189FF7822761DA3B0007A810 = {
						CreatedOnToolsVersion = 12.2;
						TestTargetID = 189FF76C2761DA3A0007A810;
					};
					189FF78D2761DA3B0007A810 = {
						CreatedOnToolsVersion = 12.2;
						TestTargetID = 189FF76C2761DA3A0007A810;
					};
				};
			};
			buildConfigurationList = 189FF7682761DA3A0007A810 /* Build configuration list for PBXProject "BusCounter" */;
			compatibilityVersion = "Xcode 9.3";
			developmentRegion = en;
			hasScannedForEncodings = 0;
			knownRegions = (
				en,
				Base,
			);
			mainGroup = 189FF7642761DA3A0007A810;
			productRefGroup = 189FF76E2761DA3A0007A810 /* Products */;
			projectDirPath = "";
			projectRoot = "";
			targets = (
				189FF76C2761DA3A0007A810 /* BusCounter */,
				189FF7822761DA3B0007A810 /* BusCounterTests */,
				189FF78D2761DA3B0007A810 /* BusCounterUITests */,
			);
		};
/* End PBXProject section */

/* Begin PBXResourcesBuildPhase section */
		189FF76B2761DA3A0007A810 /* Resources */ = {
			isa = PBXResourcesBuildPhase;
			buildActionMask = 2147483647;
			files = (
				18519FE82763BCC4001A12D7 /* LaunchScreen.storyboard in Resources */,
				189FF7782761DA3B0007A810 /* Preview Assets.xcassets in Resources */,
				189FF7752761DA3B0007A810 /* Assets.xcassets in Resources */,
			);
			runOnlyForDeploymentPostprocessing = 0;
		};
		189FF7812761DA3B0007A810 /* Resources */ = {
			isa = PBXResourcesBuildPhase;
			buildActionMask = 2147483647;
			files = (
			);
			runOnlyForDeploymentPostprocessing = 0;
		};
		189FF78C2761DA3B0007A810 /* Resources */ = {
			isa = PBXResourcesBuildPhase;
			buildActionMask = 2147483647;
			files = (
			);
			runOnlyForDeploymentPostprocessing = 0;
		};
/* End PBXResourcesBuildPhase section */

/* Begin PBXSourcesBuildPhase section */
		189FF7692761DA3A0007A810 /* Sources */ = {
			isa = PBXSourcesBuildPhase;
			buildActionMask = 2147483647;
			files = (
				189FF77A2761DA3B0007A810 /* Persistence.swift in Sources */,
				18519FE02763ACB0001A12D7 /* TicketType.swift in Sources */,
				18519FC82761DBB9001A12D7 /* DefaultsService.swift in Sources */,
				18519FD32761E44B001A12D7 /* ContentViewModel.swift in Sources */,
				189FF77D2761DA3B0007A810 /* BusCounter.xcdatamodeld in Sources */,
				189FF7732761DA3A0007A810 /* ContentView.swift in Sources */,
				189FF7712761DA3A0007A810 /* BusCounterApp.swift in Sources */,
				18519FDB2763A986001A12D7 /* TicketsModel.swift in Sources */,
			);
			runOnlyForDeploymentPostprocessing = 0;
		};
		189FF77F2761DA3B0007A810 /* Sources */ = {
			isa = PBXSourcesBuildPhase;
			buildActionMask = 2147483647;
			files = (
				189FF7882761DA3B0007A810 /* BusCounterTests.swift in Sources */,
			);
			runOnlyForDeploymentPostprocessing = 0;
		};
		189FF78A2761DA3B0007A810 /* Sources */ = {
			isa = PBXSourcesBuildPhase;
			buildActionMask = 2147483647;
			files = (
				189FF7932761DA3B0007A810 /* BusCounterUITests.swift in Sources */,
			);
			runOnlyForDeploymentPostprocessing = 0;
		};
/* End PBXSourcesBuildPhase section */

/* Begin PBXTargetDependency section */
		189FF7852761DA3B0007A810 /* PBXTargetDependency */ = {
			isa = PBXTargetDependency;
			target = 189FF76C2761DA3A0007A810 /* BusCounter */;
			targetProxy = 189FF7842761DA3B0007A810 /* PBXContainerItemProxy */;
		};
		189FF7902761DA3B0007A810 /* PBXTargetDependency */ = {
			isa = PBXTargetDependency;
			target = 189FF76C2761DA3A0007A810 /* BusCounter */;
			targetProxy = 189FF78F2761DA3B0007A810 /* PBXContainerItemProxy */;
		};
/* End PBXTargetDependency section */

/* Begin XCBuildConfiguration section */
		189FF7952761DA3B0007A810 /* Debug */ = {
			isa = XCBuildConfiguration;
			buildSettings = {
				ALWAYS_SEARCH_USER_PATHS = NO;
				CLANG_ANALYZER_NONNULL = YES;
				CLANG_ANALYZER_NUMBER_OBJECT_CONVERSION = YES_AGGRESSIVE;
				CLANG_CXX_LANGUAGE_STANDARD = "gnu++14";
				CLANG_CXX_LIBRARY = "libc++";
				CLANG_ENABLE_MODULES = YES;
				CLANG_ENABLE_OBJC_ARC = YES;
				CLANG_ENABLE_OBJC_WEAK = YES;
				CLANG_WARN_BLOCK_CAPTURE_AUTORELEASING = YES;
				CLANG_WARN_BOOL_CONVERSION = YES;
				CLANG_WARN_COMMA = YES;
				CLANG_WARN_CONSTANT_CONVERSION = YES;
				CLANG_WARN_DEPRECATED_OBJC_IMPLEMENTATIONS = YES;
				CLANG_WARN_DIRECT_OBJC_ISA_USAGE = YES_ERROR;
				CLANG_WARN_DOCUMENTATION_COMMENTS = YES;
				CLANG_WARN_EMPTY_BODY = YES;
				CLANG_WARN_ENUM_CONVERSION = YES;
				CLANG_WARN_INFINITE_RECURSION = YES;
				CLANG_WARN_INT_CONVERSION = YES;
				CLANG_WARN_NON_LITERAL_NULL_CONVERSION = YES;
				CLANG_WARN_OBJC_IMPLICIT_RETAIN_SELF = YES;
				CLANG_WARN_OBJC_LITERAL_CONVERSION = YES;
				CLANG_WARN_OBJC_ROOT_CLASS = YES_ERROR;
				CLANG_WARN_QUOTED_INCLUDE_IN_FRAMEWORK_HEADER = YES;
				CLANG_WARN_RANGE_LOOP_ANALYSIS = YES;
				CLANG_WARN_STRICT_PROTOTYPES = YES;
				CLANG_WARN_SUSPICIOUS_MOVE = YES;
				CLANG_WARN_UNGUARDED_AVAILABILITY = YES_AGGRESSIVE;
				CLANG_WARN_UNREACHABLE_CODE = YES;
				CLANG_WARN__DUPLICATE_METHOD_MATCH = YES;
				COPY_PHASE_STRIP = NO;
				DEBUG_INFORMATION_FORMAT = dwarf;
				ENABLE_STRICT_OBJC_MSGSEND = YES;
				ENABLE_TESTABILITY = YES;
				GCC_C_LANGUAGE_STANDARD = gnu11;
				GCC_DYNAMIC_NO_PIC = NO;
				GCC_NO_COMMON_BLOCKS = YES;
				GCC_OPTIMIZATION_LEVEL = 0;
				GCC_PREPROCESSOR_DEFINITIONS = (
					"DEBUG=1",
					"$(inherited)",
				);
				GCC_WARN_64_TO_32_BIT_CONVERSION = YES;
				GCC_WARN_ABOUT_RETURN_TYPE = YES_ERROR;
				GCC_WARN_UNDECLARED_SELECTOR = YES;
				GCC_WARN_UNINITIALIZED_AUTOS = YES_AGGRESSIVE;
				GCC_WARN_UNUSED_FUNCTION = YES;
				GCC_WARN_UNUSED_VARIABLE = YES;
				IPHONEOS_DEPLOYMENT_TARGET = 14.0;
				MTL_ENABLE_DEBUG_INFO = INCLUDE_SOURCE;
				MTL_FAST_MATH = YES;
				ONLY_ACTIVE_ARCH = YES;
				SDKROOT = iphoneos;
				SWIFT_ACTIVE_COMPILATION_CONDITIONS = DEBUG;
				SWIFT_OPTIMIZATION_LEVEL = "-Onone";
			};
			name = Debug;
		};
		189FF7962761DA3B0007A810 /* Release */ = {
			isa = XCBuildConfiguration;
			buildSettings = {
				ALWAYS_SEARCH_USER_PATHS = NO;
				CLANG_ANALYZER_NONNULL = YES;
				CLANG_ANALYZER_NUMBER_OBJECT_CONVERSION = YES_AGGRESSIVE;
				CLANG_CXX_LANGUAGE_STANDARD = "gnu++14";
				CLANG_CXX_LIBRARY = "libc++";
				CLANG_ENABLE_MODULES = YES;
				CLANG_ENABLE_OBJC_ARC = YES;
				CLANG_ENABLE_OBJC_WEAK = YES;
				CLANG_WARN_BLOCK_CAPTURE_AUTORELEASING = YES;
				CLANG_WARN_BOOL_CONVERSION = YES;
				CLANG_WARN_COMMA = YES;
				CLANG_WARN_CONSTANT_CONVERSION = YES;
				CLANG_WARN_DEPRECATED_OBJC_IMPLEMENTATIONS = YES;
				CLANG_WARN_DIRECT_OBJC_ISA_USAGE = YES_ERROR;
				CLANG_WARN_DOCUMENTATION_COMMENTS = YES;
				CLANG_WARN_EMPTY_BODY = YES;
				CLANG_WARN_ENUM_CONVERSION = YES;
				CLANG_WARN_INFINITE_RECURSION = YES;
				CLANG_WARN_INT_CONVERSION = YES;
				CLANG_WARN_NON_LITERAL_NULL_CONVERSION = YES;
				CLANG_WARN_OBJC_IMPLICIT_RETAIN_SELF = YES;
				CLANG_WARN_OBJC_LITERAL_CONVERSION = YES;
				CLANG_WARN_OBJC_ROOT_CLASS = YES_ERROR;
				CLANG_WARN_QUOTED_INCLUDE_IN_FRAMEWORK_HEADER = YES;
				CLANG_WARN_RANGE_LOOP_ANALYSIS = YES;
				CLANG_WARN_STRICT_PROTOTYPES = YES;
				CLANG_WARN_SUSPICIOUS_MOVE = YES;
				CLANG_WARN_UNGUARDED_AVAILABILITY = YES_AGGRESSIVE;
				CLANG_WARN_UNREACHABLE_CODE = YES;
				CLANG_WARN__DUPLICATE_METHOD_MATCH = YES;
				COPY_PHASE_STRIP = NO;
				DEBUG_INFORMATION_FORMAT = "dwarf-with-dsym";
				ENABLE_NS_ASSERTIONS = NO;
				ENABLE_STRICT_OBJC_MSGSEND = YES;
				GCC_C_LANGUAGE_STANDARD = gnu11;
				GCC_NO_COMMON_BLOCKS = YES;
				GCC_WARN_64_TO_32_BIT_CONVERSION = YES;
				GCC_WARN_ABOUT_RETURN_TYPE = YES_ERROR;
				GCC_WARN_UNDECLARED_SELECTOR = YES;
				GCC_WARN_UNINITIALIZED_AUTOS = YES_AGGRESSIVE;
				GCC_WARN_UNUSED_FUNCTION = YES;
				GCC_WARN_UNUSED_VARIABLE = YES;
				IPHONEOS_DEPLOYMENT_TARGET = 14.0;
				MTL_ENABLE_DEBUG_INFO = NO;
				MTL_FAST_MATH = YES;
				SDKROOT = iphoneos;
				SWIFT_COMPILATION_MODE = wholemodule;
				SWIFT_OPTIMIZATION_LEVEL = "-O";
				VALIDATE_PRODUCT = YES;
			};
			name = Release;
		};
		189FF7982761DA3B0007A810 /* Debug */ = {
			isa = XCBuildConfiguration;
			buildSettings = {
				ASSETCATALOG_COMPILER_APPICON_NAME = AppIcon;
				ASSETCATALOG_COMPILER_GLOBAL_ACCENT_COLOR_NAME = AccentColor;
				CODE_SIGN_STYLE = Automatic;
				DEVELOPMENT_ASSET_PATHS = "\"BusCounter/Preview Content\"";
				DEVELOPMENT_TEAM = 9B82Y2PAWR;
				ENABLE_PREVIEWS = YES;
				INFOPLIST_FILE = BusCounter/Info.plist;
				IPHONEOS_DEPLOYMENT_TARGET = 14.0;
				LD_RUNPATH_SEARCH_PATHS = (
					"$(inherited)",
					"@executable_path/Frameworks",
				);
				PRODUCT_BUNDLE_IDENTIFIER = com.FuguSoftware.BusCounter;
				PRODUCT_NAME = "$(TARGET_NAME)";
				SWIFT_VERSION = 5.0;
				TARGETED_DEVICE_FAMILY = "1,2";
			};
			name = Debug;
		};
		189FF7992761DA3B0007A810 /* Release */ = {
			isa = XCBuildConfiguration;
			buildSettings = {
				ASSETCATALOG_COMPILER_APPICON_NAME = AppIcon;
				ASSETCATALOG_COMPILER_GLOBAL_ACCENT_COLOR_NAME = AccentColor;
				CODE_SIGN_STYLE = Automatic;
				DEVELOPMENT_ASSET_PATHS = "\"BusCounter/Preview Content\"";
				DEVELOPMENT_TEAM = 9B82Y2PAWR;
				ENABLE_PREVIEWS = YES;
				INFOPLIST_FILE = BusCounter/Info.plist;
				IPHONEOS_DEPLOYMENT_TARGET = 14.0;
				LD_RUNPATH_SEARCH_PATHS = (
					"$(inherited)",
					"@executable_path/Frameworks",
				);
				PRODUCT_BUNDLE_IDENTIFIER = com.FuguSoftware.BusCounter;
				PRODUCT_NAME = "$(TARGET_NAME)";
				SWIFT_VERSION = 5.0;
				TARGETED_DEVICE_FAMILY = "1,2";
			};
			name = Release;
		};
		189FF79B2761DA3B0007A810 /* Debug */ = {
			isa = XCBuildConfiguration;
			buildSettings = {
				ALWAYS_EMBED_SWIFT_STANDARD_LIBRARIES = YES;
				BUNDLE_LOADER = "$(TEST_HOST)";
				CODE_SIGN_STYLE = Automatic;
				DEVELOPMENT_TEAM = 9B82Y2PAWR;
				INFOPLIST_FILE = BusCounterTests/Info.plist;
				IPHONEOS_DEPLOYMENT_TARGET = 14.0;
				LD_RUNPATH_SEARCH_PATHS = (
					"$(inherited)",
					"@executable_path/Frameworks",
					"@loader_path/Frameworks",
				);
				PRODUCT_BUNDLE_IDENTIFIER = com.FuguSoftware.BusCounterTests;
				PRODUCT_NAME = "$(TARGET_NAME)";
				SWIFT_VERSION = 5.0;
				TARGETED_DEVICE_FAMILY = "1,2";
				TEST_HOST = "$(BUILT_PRODUCTS_DIR)/BusCounter.app/BusCounter";
			};
			name = Debug;
		};
		189FF79C2761DA3B0007A810 /* Release */ = {
			isa = XCBuildConfiguration;
			buildSettings = {
				ALWAYS_EMBED_SWIFT_STANDARD_LIBRARIES = YES;
				BUNDLE_LOADER = "$(TEST_HOST)";
				CODE_SIGN_STYLE = Automatic;
				DEVELOPMENT_TEAM = 9B82Y2PAWR;
				INFOPLIST_FILE = BusCounterTests/Info.plist;
				IPHONEOS_DEPLOYMENT_TARGET = 14.0;
				LD_RUNPATH_SEARCH_PATHS = (
					"$(inherited)",
					"@executable_path/Frameworks",
					"@loader_path/Frameworks",
				);
				PRODUCT_BUNDLE_IDENTIFIER = com.FuguSoftware.BusCounterTests;
				PRODUCT_NAME = "$(TARGET_NAME)";
				SWIFT_VERSION = 5.0;
				TARGETED_DEVICE_FAMILY = "1,2";
				TEST_HOST = "$(BUILT_PRODUCTS_DIR)/BusCounter.app/BusCounter";
			};
			name = Release;
		};
		189FF79E2761DA3B0007A810 /* Debug */ = {
			isa = XCBuildConfiguration;
			buildSettings = {
				ALWAYS_EMBED_SWIFT_STANDARD_LIBRARIES = YES;
				CODE_SIGN_STYLE = Automatic;
				DEVELOPMENT_TEAM = 9B82Y2PAWR;
				INFOPLIST_FILE = BusCounterUITests/Info.plist;
				LD_RUNPATH_SEARCH_PATHS = (
					"$(inherited)",
					"@executable_path/Frameworks",
					"@loader_path/Frameworks",
				);
				PRODUCT_BUNDLE_IDENTIFIER = com.FuguSoftware.BusCounterUITests;
				PRODUCT_NAME = "$(TARGET_NAME)";
				SWIFT_VERSION = 5.0;
				TARGETED_DEVICE_FAMILY = "1,2";
				TEST_TARGET_NAME = BusCounter;
			};
			name = Debug;
		};
		189FF79F2761DA3B0007A810 /* Release */ = {
			isa = XCBuildConfiguration;
			buildSettings = {
				ALWAYS_EMBED_SWIFT_STANDARD_LIBRARIES = YES;
				CODE_SIGN_STYLE = Automatic;
				DEVELOPMENT_TEAM = 9B82Y2PAWR;
				INFOPLIST_FILE = BusCounterUITests/Info.plist;
				LD_RUNPATH_SEARCH_PATHS = (
					"$(inherited)",
					"@executable_path/Frameworks",
					"@loader_path/Frameworks",
				);
				PRODUCT_BUNDLE_IDENTIFIER = com.FuguSoftware.BusCounterUITests;
				PRODUCT_NAME = "$(TARGET_NAME)";
				SWIFT_VERSION = 5.0;
				TARGETED_DEVICE_FAMILY = "1,2";
				TEST_TARGET_NAME = BusCounter;
			};
			name = Release;
		};
/* End XCBuildConfiguration section */

/* Begin XCConfigurationList section */
		189FF7682761DA3A0007A810 /* Build configuration list for PBXProject "BusCounter" */ = {
			isa = XCConfigurationList;
			buildConfigurations = (
				189FF7952761DA3B0007A810 /* Debug */,
				189FF7962761DA3B0007A810 /* Release */,
			);
			defaultConfigurationIsVisible = 0;
			defaultConfigurationName = Release;
		};
		189FF7972761DA3B0007A810 /* Build configuration list for PBXNativeTarget "BusCounter" */ = {
			isa = XCConfigurationList;
			buildConfigurations = (
				189FF7982761DA3B0007A810 /* Debug */,
				189FF7992761DA3B0007A810 /* Release */,
			);
			defaultConfigurationIsVisible = 0;
			defaultConfigurationName = Release;
		};
		189FF79A2761DA3B0007A810 /* Build configuration list for PBXNativeTarget "BusCounterTests" */ = {
			isa = XCConfigurationList;
			buildConfigurations = (
				189FF79B2761DA3B0007A810 /* Debug */,
				189FF79C2761DA3B0007A810 /* Release */,
			);
			defaultConfigurationIsVisible = 0;
			defaultConfigurationName = Release;
		};
		189FF79D2761DA3B0007A810 /* Build configuration list for PBXNativeTarget "BusCounterUITests" */ = {
			isa = XCConfigurationList;
			buildConfigurations = (
				189FF79E2761DA3B0007A810 /* Debug */,
				189FF79F2761DA3B0007A810 /* Release */,
			);
			defaultConfigurationIsVisible = 0;
			defaultConfigurationName = Release;
		};
/* End XCConfigurationList section */

/* Begin XCVersionGroup section */
		189FF77B2761DA3B0007A810 /* BusCounter.xcdatamodeld */ = {
			isa = XCVersionGroup;
			children = (
				189FF77C2761DA3B0007A810 /* BusCounter.xcdatamodel */,
			);
			currentVersion = 189FF77C2761DA3B0007A810 /* BusCounter.xcdatamodel */;
			path = BusCounter.xcdatamodeld;
			sourceTree = "<group>";
			versionGroupType = wrapper.xcdatamodel;
		};
/* End XCVersionGroup section */
	};
	rootObject = 189FF7652761DA3A0007A810 /* Project object */;
}
